
Microsoft Visual Studio Solution File, Format Version 12.00
# Visual Studio 15
VisualStudioVersion = 15.0.26430.14
MinimumVisualStudioVersion = 10.0.40219.1
Project("{8BC9CEB8-8B4A-11D0-8D11-00A0C91BC942}") = "LuaDec", "LuaDec\LuaDec.vcxproj", "{F7E087D0-E9B7-4292-AB85-0386938E5F4B}"
	ProjectSection(ProjectDependencies) = postProject
		{CE19E02B-22F1-4E48-9B8A-86F619F81AD7} = {CE19E02B-22F1-4E48-9B8A-86F619F81AD7}
		{3155598A-F641-42D2-83C3-78365F429743} = {3155598A-F641-42D2-83C3-78365F429743}
	EndProjectSection
EndProject
Project("{8BC9CEB8-8B4A-11D0-8D11-00A0C91BC942}") = "LuaCore", "LuaCore\LuaCore.vcxproj", "{3155598A-F641-42D2-83C3-78365F429743}"
EndProject
Project("{8BC9CEB8-8B4A-11D0-8D11-00A0C91BC942}") = "LuaLib", "LuaLib\LuaLib.vcxproj", "{CE19E02B-22F1-4E48-9B8A-86F619F81AD7}"
EndProject
Project("{8BC9CEB8-8B4A-11D0-8D11-00A0C91BC942}") = "Lua", "Lua\Lua.vcxproj", "{462A5B9C-CA5E-4377-B50E-256CFF83B4DF}"
	ProjectSection(ProjectDependencies) = postProject
		{CE19E02B-22F1-4E48-9B8A-86F619F81AD7} = {CE19E02B-22F1-4E48-9B8A-86F619F81AD7}
		{3155598A-F641-42D2-83C3-78365F429743} = {3155598A-F641-42D2-83C3-78365F429743}
	EndProjectSection
EndProject
Project("{2150E333-8FDC-42A3-9474-1A3956D46DE8}") = "Lib", "Lib", "{0A3CBC8A-4678-4254-A798-DAD0CEF8B2E9}"
EndProject
Project("{8BC9CEB8-8B4A-11D0-8D11-00A0C91BC942}") = "LuaC", "LuaC\LuaC.vcxproj", "{FCF9C6C9-03B0-43AB-BA3A-85C1BB6FC35A}"
	ProjectSection(ProjectDependencies) = postProject
		{CE19E02B-22F1-4E48-9B8A-86F619F81AD7} = {CE19E02B-22F1-4E48-9B8A-86F619F81AD7}
		{3155598A-F641-42D2-83C3-78365F429743} = {3155598A-F641-42D2-83C3-78365F429743}
	EndProjectSection
EndProject
Global
	GlobalSection(SolutionConfigurationPlatforms) = preSolution
		Debug|x64 = Debug|x64
		Debug|x86 = Debug|x86
		Release|x64 = Release|x64
		Release|x86 = Release|x86
	EndGlobalSection
	GlobalSection(ProjectConfigurationPlatforms) = postSolution
		{F7E087D0-E9B7-4292-AB85-0386938E5F4B}.Debug|x64.ActiveCfg = Debug|x64
		{F7E087D0-E9B7-4292-AB85-0386938E5F4B}.Debug|x64.Build.0 = Debug|x64
		{F7E087D0-E9B7-4292-AB85-0386938E5F4B}.Debug|x86.ActiveCfg = Debug|Win32
		{F7E087D0-E9B7-4292-AB85-0386938E5F4B}.Debug|x86.Build.0 = Debug|Win32
		{F7E087D0-E9B7-4292-AB85-0386938E5F4B}.Release|x64.ActiveCfg = Release|x64
		{F7E087D0-E9B7-4292-AB85-0386938E5F4B}.Release|x64.Build.0 = Release|x64
		{F7E087D0-E9B7-4292-AB85-0386938E5F4B}.Release|x86.ActiveCfg = Release|Win32
		{F7E087D0-E9B7-4292-AB85-0386938E5F4B}.Release|x86.Build.0 = Release|Win32
		{3155598A-F641-42D2-83C3-78365F429743}.Debug|x64.ActiveCfg = Debug|x64
		{3155598A-F641-42D2-83C3-78365F429743}.Debug|x64.Build.0 = Debug|x64
		{3155598A-F641-42D2-83C3-78365F429743}.Debug|x86.ActiveCfg = Debug|Win32
		{3155598A-F641-42D2-83C3-78365F429743}.Debug|x86.Build.0 = Debug|Win32
		{3155598A-F641-42D2-83C3-78365F429743}.Release|x64.ActiveCfg = Release|x64
		{3155598A-F641-42D2-83C3-78365F429743}.Release|x64.Build.0 = Release|x64
		{3155598A-F641-42D2-83C3-78365F429743}.Release|x86.ActiveCfg = Release|Win32
		{3155598A-F641-42D2-83C3-78365F429743}.Release|x86.Build.0 = Release|Win32
		{CE19E02B-22F1-4E48-9B8A-86F619F81AD7}.Debug|x64.ActiveCfg = Debug|x64
		{CE19E02B-22F1-4E48-9B8A-86F619F81AD7}.Debug|x64.Build.0 = Debug|x64
		{CE19E02B-22F1-4E48-9B8A-86F619F81AD7}.Debug|x86.ActiveCfg = Debug|Win32
		{CE19E02B-22F1-4E48-9B8A-86F619F81AD7}.Debug|x86.Build.0 = Debug|Win32
		{CE19E02B-22F1-4E48-9B8A-86F619F81AD7}.Release|x64.ActiveCfg = Release|x64
		{CE19E02B-22F1-4E48-9B8A-86F619F81AD7}.Release|x64.Build.0 = Release|x64
		{CE19E02B-22F1-4E48-9B8A-86F619F81AD7}.Release|x86.ActiveCfg = Release|Win32
		{CE19E02B-22F1-4E48-9B8A-86F619F81AD7}.Release|x86.Build.0 = Release|Win32
		{462A5B9C-CA5E-4377-B50E-256CFF83B4DF}.Debug|x64.ActiveCfg = Debug|x64
		{462A5B9C-CA5E-4377-B50E-256CFF83B4DF}.Debug|x64.Build.0 = Debug|x64
		{462A5B9C-CA5E-4377-B50E-256CFF83B4DF}.Debug|x86.ActiveCfg = Debug|Win32
		{462A5B9C-CA5E-4377-B50E-256CFF83B4DF}.Debug|x86.Build.0 = Debug|Win32
		{462A5B9C-CA5E-4377-B50E-256CFF83B4DF}.Release|x64.ActiveCfg = Release|x64
		{462A5B9C-CA5E-4377-B50E-256CFF83B4DF}.Release|x64.Build.0 = Release|x64
		{462A5B9C-CA5E-4377-B50E-256CFF83B4DF}.Release|x86.ActiveCfg = Release|Win32
		{462A5B9C-CA5E-4377-B50E-256CFF83B4DF}.Release|x86.Build.0 = Release|Win32
		{FCF9C6C9-03B0-43AB-BA3A-85C1BB6FC35A}.Debug|x64.ActiveCfg = Debug|x64
		{FCF9C6C9-03B0-43AB-BA3A-85C1BB6FC35A}.Debug|x64.Build.0 = Debug|x64
		{FCF9C6C9-03B0-43AB-BA3A-85C1BB6FC35A}.Debug|x86.ActiveCfg = Debug|Win32
		{FCF9C6C9-03B0-43AB-BA3A-85C1BB6FC35A}.Debug|x86.Build.0 = Debug|Win32
		{FCF9C6C9-03B0-43AB-BA3A-85C1BB6FC35A}.Release|x64.ActiveCfg = Release|x64
		{FCF9C6C9-03B0-43AB-BA3A-85C1BB6FC35A}.Release|x64.Build.0 = Release|x64
		{FCF9C6C9-03B0-43AB-BA3A-85C1BB6FC35A}.Release|x86.ActiveCfg = Release|Win32
		{FCF9C6C9-03B0-43AB-BA3A-85C1BB6FC35A}.Release|x86.Build.0 = Release|Win32
	EndGlobalSection
	GlobalSection(SolutionProperties) = preSolution
		HideSolutionNode = FALSE
	EndGlobalSection
	GlobalSection(NestedProjects) = preSolution
		{3155598A-F641-42D2-83C3-78365F429743} = {0A3CBC8A-4678-4254-A798-DAD0CEF8B2E9}
		{CE19E02B-22F1-4E48-9B8A-86F619F81AD7} = {0A3CBC8A-4678-4254-A798-DAD0CEF8B2E9}
	EndGlobalSection
EndGlobal
